
Microsoft Visual Studio Solution File, Format Version 12.00
# Visual Studio Version 16
VisualStudioVersion = 16.0.30611.23
MinimumVisualStudioVersion = 10.0.40219.1
Project("{8BC9CEB8-8B4A-11D0-8D11-00A0C91BC942}") = "LiMorph", "LiMorph\LiMorph.vcxproj", "{EDC95298-8FA7-4C66-80B9-C5C85DEA45A0}"
EndProject
Project("{8BC9CEB8-8B4A-11D0-8D11-00A0C91BC942}") = "LiMorphLoader", "LiMorphLoader\LiMorphLoader.vcxproj", "{2285CE73-01FC-48C1-B599-0B19881EFC4D}"
EndProject
Global
	GlobalSection(SolutionConfigurationPlatforms) = preSolution
		Debug|x64 = Debug|x64
		Debug|x86 = Debug|x86
		Release|x64 = Release|x64
		Release|x86 = Release|x86
	EndGlobalSection
	GlobalSection(ProjectConfigurationPlatforms) = postSolution
		{EDC95298-8FA7-4C66-80B9-C5C85DEA45A0}.Debug|x64.ActiveCfg = Debug|x64
		{EDC95298-8FA7-4C66-80B9-C5C85DEA45A0}.Debug|x64.Build.0 = Debug|x64
		{EDC95298-8FA7-4C66-80B9-C5C85DEA45A0}.Debug|x86.ActiveCfg = Debug|Win32
		{EDC95298-8FA7-4C66-80B9-C5C85DEA45A0}.Debug|x86.Build.0 = Debug|Win32
		{EDC95298-8FA7-4C66-80B9-C5C85DEA45A0}.Release|x64.ActiveCfg = Release|x64
		{EDC95298-8FA7-4C66-80B9-C5C85DEA45A0}.Release|x64.Build.0 = Release|x64
		{EDC95298-8FA7-4C66-80B9-C5C85DEA45A0}.Release|x86.ActiveCfg = Release|Win32
		{EDC95298-8FA7-4C66-80B9-C5C85DEA45A0}.Release|x86.Build.0 = Release|Win32
		{2285CE73-01FC-48C1-B599-0B19881EFC4D}.Debug|x64.ActiveCfg = Debug|x64
		{2285CE73-01FC-48C1-B599-0B19881EFC4D}.Debug|x64.Build.0 = Debug|x64
		{2285CE73-01FC-48C1-B599-0B19881EFC4D}.Debug|x86.ActiveCfg = Debug|Win32
		{2285CE73-01FC-48C1-B599-0B19881EFC4D}.Debug|x86.Build.0 = Debug|Win32
		{2285CE73-01FC-48C1-B599-0B19881EFC4D}.Release|x64.ActiveCfg = Release|x64
		{2285CE73-01FC-48C1-B599-0B19881EFC4D}.Release|x64.Build.0 = Release|x64
		{2285CE73-01FC-48C1-B599-0B19881EFC4D}.Release|x86.ActiveCfg = Release|Win32
		{2285CE73-01FC-48C1-B599-0B19881EFC4D}.Release|x86.Build.0 = Release|Win32
	EndGlobalSection
	GlobalSection(SolutionProperties) = preSolution
		HideSolutionNode = FALSE
	EndGlobalSection
	GlobalSection(ExtensibilityGlobals) = postSolution
		SolutionGuid = {4525EC25-BDD0-441F-8D7E-DB33DDA6E1F7}
	EndGlobalSection
EndGlobal
