<?xml version="1.0" encoding="utf-8"?>
<Project ToolsVersion="4.0" xmlns="http://schemas.microsoft.com/developer/msbuild/2003">
  <ItemGroup>
    <Filter Include="Source Files">
      <UniqueIdentifier>{4FC737F1-C7A5-4376-A066-2A32D752A2FF}</UniqueIdentifier>
      <Extensions>cpp;c;cc;cxx;c++;cppm;ixx;def;odl;idl;hpj;bat;asm;asmx</Extensions>
    </Filter>
    <Filter Include="Resource Files">
      <UniqueIdentifier>{67DA6AB6-F800-4c08-8B7A-83BB121AAD01}</UniqueIdentifier>
      <Extensions>rc;ico;cur;bmp;dlg;rc2;rct;bin;rgs;gif;jpg;jpeg;jpe;resx;tiff;tif;png;wav;mfcribbon-ms</Extensions>
    </Filter>
    <Filter Include="Lua">
      <UniqueIdentifier>{0506665f-97c8-43dd-aa6f-ccd54a212518}</UniqueIdentifier>
    </Filter>
    <Filter Include="Header Files">
      <UniqueIdentifier>{14530d71-2c85-4138-a2c0-6d700e7a993f}</UniqueIdentifier>
    </Filter>
  </ItemGroup>
  <ItemGroup>
    <ClCompile Include="dllmain.cpp">
      <Filter>Source Files</Filter>
    </ClCompile>
    <ClCompile Include="pch.cpp">
      <Filter>Source Files</Filter>
    </ClCompile>
    <ClCompile Include="Utils\Functions.cpp">
      <Filter>Source Files</Filter>
    </ClCompile>
    <ClCompile Include="Utils\Logging.cpp">
      <Filter>Source Files</Filter>
    </ClCompile>
    <ClCompile Include="Thread\MainThread.cpp">
      <Filter>Source Files</Filter>
    </ClCompile>
    <ClCompile Include="Morpher\Morpher.cpp">
      <Filter>Source Files</Filter>
    </ClCompile>
    <ClCompile Include="Morpher\Player.cpp">
      <Filter>Source Files</Filter>
    </ClCompile>
    <ClCompile Include="Memory\Memory.cpp">
      <Filter>Source Files</Filter>
    </ClCompile>
    <ClCompile Include="Lexer\Lexer.cpp">
      <Filter>Source Files</Filter>
    </ClCompile>
    <ClCompile Include="Lexer\Token.cpp">
      <Filter>Source Files</Filter>
    </ClCompile>
  </ItemGroup>
  <ItemGroup>
    <None Include="Lua\ClickMorphing.lua">
      <Filter>Lua</Filter>
    </None>
    <None Include="Lua\ClickMountMorphing.lua">
      <Filter>Lua</Filter>
    </None>
    <None Include="Lua\MountEvent.lua">
      <Filter>Lua</Filter>
    </None>
    <None Include="Lua\ParseChat.lua">
      <Filter>Lua</Filter>
    </None>
    <None Include="Lua\ShapeshiftEvent.lua">
      <Filter>Lua</Filter>
    </None>
  </ItemGroup>
  <ItemGroup>
    <ClInclude Include="framework.h">
      <Filter>Header Files</Filter>
    </ClInclude>
    <ClInclude Include="pch.h">
      <Filter>Header Files</Filter>
    </ClInclude>
    <ClInclude Include="Utils\Functions.h">
      <Filter>Header Files</Filter>
    </ClInclude>
    <ClInclude Include="Utils\Logging.h">
      <Filter>Header Files</Filter>
    </ClInclude>
    <ClInclude Include="Utils\Offsets.h">
      <Filter>Header Files</Filter>
    </ClInclude>
    <ClInclude Include="Utils\VMTHook.h">
      <Filter>Header Files</Filter>
    </ClInclude>
    <ClInclude Include="Utils\WoWUtils.h">
      <Filter>Header Files</Filter>
    </ClInclude>
    <ClInclude Include="Thread\MainThread.h">
      <Filter>Header Files</Filter>
    </ClInclude>
    <ClInclude Include="Morpher\Morpher.h">
      <Filter>Header Files</Filter>
    </ClInclude>
    <ClInclude Include="Morpher\Player.h">
      <Filter>Header Files</Filter>
    </ClInclude>
    <ClInclude Include="Memory\Memory.h">
      <Filter>Header Files</Filter>
    </ClInclude>
    <ClInclude Include="Lexer\Lexer.h">
      <Filter>Header Files</Filter>
    </ClInclude>
    <ClInclude Include="Lexer\Token.h">
      <Filter>Header Files</Filter>
    </ClInclude>
    <ClInclude Include="Customizations\Customizations.h">
      <Filter>Header Files</Filter>
    </ClInclude>
  </ItemGroup>
</Project>